
Microsoft Visual Studio Solution File, Format Version 12.00
# Visual Studio Version 17
VisualStudioVersion = 17.10.35013.160
MinimumVisualStudioVersion = 10.0.40219.1
Project("{FAE04EC0-301F-11D3-BF4B-00C04F79EFBC}") = "assignment 17", "assignment 17\assignment 17.csproj", "{A0C09708-B22B-4DD1-8217-5F795F8C81B3}"
EndProject
Global
	GlobalSection(SolutionConfigurationPlatforms) = preSolution
		Debug|Any CPU = Debug|Any CPU
		Release|Any CPU = Release|Any CPU
	EndGlobalSection
	GlobalSection(ProjectConfigurationPlatforms) = postSolution
		{A0C09708-B22B-4DD1-8217-5F795F8C81B3}.Debug|Any CPU.ActiveCfg = Debug|Any CPU
		{A0C09708-B22B-4DD1-8217-5F795F8C81B3}.Debug|Any CPU.Build.0 = Debug|Any CPU
		{A0C09708-B22B-4DD1-8217-5F795F8C81B3}.Release|Any CPU.ActiveCfg = Release|Any CPU
		{A0C09708-B22B-4DD1-8217-5F795F8C81B3}.Release|Any CPU.Build.0 = Release|Any CPU
	EndGlobalSection
	GlobalSection(SolutionProperties) = preSolution
		HideSolutionNode = FALSE
	EndGlobalSection
	GlobalSection(ExtensibilityGlobals) = postSolution
		SolutionGuid = {4EAF12A5-490D-4112-B476-F71FE71CCC09}
	EndGlobalSection
EndGlobal
